
Microsoft Visual Studio Solution File, Format Version 12.00
# Visual Studio Version 17
VisualStudioVersion = 17.2.32630.192
MinimumVisualStudioVersion = 10.0.40219.1
Project("{9A19103F-16F7-4668-BE54-9A1E7A4F7556}") = "R5T.S0050", "R5T.S0050\R5T.S0050.csproj", "{763F25A6-E750-4DDC-9E3E-DB35A822F155}"
EndProject
Project("{2150E333-8FDC-42A3-9474-1A3956D46DE8}") = "_Dependencies", "_Dependencies", "{62E87539-CDAD-4DDC-A3CB-3E8BF6BA73AE}"
EndProject
Project("{9A19103F-16F7-4668-BE54-9A1E7A4F7556}") = "R5T.F0093", "..\..\R5T.F0093\source\R5T.F0093\R5T.F0093.csproj", "{3EEE5796-E38C-4C95-A9F1-2565271C2BB6}"
EndProject
Project("{9A19103F-16F7-4668-BE54-9A1E7A4F7556}") = "R5T.F0000", "..\..\R5T.F0000\source\R5T.F0000\R5T.F0000.csproj", "{0734D72E-B985-4851-86CD-21E891975220}"
EndProject
Project("{9A19103F-16F7-4668-BE54-9A1E7A4F7556}") = "R5T.T0153.Z001", "..\..\R5T.T0153\source\R5T.T0153.Z001\R5T.T0153.Z001.csproj", "{BA4AE4B4-D568-4605-B6B6-99EB0A65B873}"
EndProject
Project("{9A19103F-16F7-4668-BE54-9A1E7A4F7556}") = "R5T.F0047", "..\..\R5T.F0047\source\R5T.F0047\R5T.F0047.csproj", "{965FE7A8-F172-4BAF-9337-7B33EA2693E7}"
EndProject
Project("{9A19103F-16F7-4668-BE54-9A1E7A4F7556}") = "R5T.F0089", "..\..\R5T.F0089\source\R5T.F0089\R5T.F0089.csproj", "{86C6C50E-AD1E-485D-88B4-F19A1F759D48}"
EndProject
Project("{9A19103F-16F7-4668-BE54-9A1E7A4F7556}") = "R5T.F0080", "..\..\R5T.F0080\source\R5T.F0080\R5T.F0080.csproj", "{FDC2C744-D80E-408F-A44B-AC53905ACD24}"
EndProject
Project("{9A19103F-16F7-4668-BE54-9A1E7A4F7556}") = "R5T.F0002", "..\..\R5T.F0002\source\R5T.F0002\R5T.F0002.csproj", "{7FBF45E5-65B6-4B7A-99AA-69D3E89DCEE2}"
EndProject
Project("{9A19103F-16F7-4668-BE54-9A1E7A4F7556}") = "R5T.F0019", "..\..\R5T.F0019\source\R5T.F0019\R5T.F0019.csproj", "{0C51AA48-D5D5-4382-8BDB-06858D1E39F5}"
EndProject
Project("{9A19103F-16F7-4668-BE54-9A1E7A4F7556}") = "R5T.F0032", "..\..\R5T.F0032\source\R5T.F0032\R5T.F0032.csproj", "{958A79C8-0B9B-4AE9-8D8A-D4A0838B5092}"
EndProject
Project("{9A19103F-16F7-4668-BE54-9A1E7A4F7556}") = "R5T.F0040.F000", "..\..\R5T.F0040\source\R5T.F0040.F000\R5T.F0040.F000.csproj", "{8D355C6D-A2E9-4A5B-98AB-77CAB834A733}"
EndProject
Project("{9A19103F-16F7-4668-BE54-9A1E7A4F7556}") = "R5T.F0041", "..\..\R5T.F0041\source\R5T.F0041\R5T.F0041.csproj", "{99C71B4D-1D6A-4402-98CF-286A4265766E}"
EndProject
Project("{9A19103F-16F7-4668-BE54-9A1E7A4F7556}") = "R5T.F0042.F001", "..\..\R5T.F0042\source\R5T.F0042.F001\R5T.F0042.F001.csproj", "{94B8101B-8C96-488B-AE27-93931BC7BAA9}"
EndProject
Project("{9A19103F-16F7-4668-BE54-9A1E7A4F7556}") = "R5T.F0042", "..\..\R5T.F0042\source\R5T.F0042\R5T.F0042.csproj", "{524A5C43-4951-4736-BF5A-5953103F5990}"
EndProject
Project("{9A19103F-16F7-4668-BE54-9A1E7A4F7556}") = "R5T.F0044", "..\..\R5T.F0044\source\R5T.F0044\R5T.F0044.csproj", "{7A33867D-4BBD-4BDF-9F16-CC5026213054}"
EndProject
Project("{9A19103F-16F7-4668-BE54-9A1E7A4F7556}") = "R5T.F0046", "..\..\R5T.F0046\source\R5T.F0046\R5T.F0046.csproj", "{7F18C449-5CE7-4562-9122-448ECE4EC42B}"
EndProject
Project("{9A19103F-16F7-4668-BE54-9A1E7A4F7556}") = "R5T.F0048", "..\..\R5T.F0048\source\R5T.F0048\R5T.F0048.csproj", "{39A2C5D7-74AD-44B7-A0B7-72E160146F78}"
EndProject
Project("{9A19103F-16F7-4668-BE54-9A1E7A4F7556}") = "R5T.F0050", "..\..\R5T.F0050\source\R5T.F0050\R5T.F0050.csproj", "{3D2DB586-53EA-4E6F-A4F6-C953478FDC9D}"
EndProject
Project("{9A19103F-16F7-4668-BE54-9A1E7A4F7556}") = "R5T.F0052", "..\..\R5T.F0052\source\R5T.F0052\R5T.F0052.csproj", "{A778F872-D2DA-484D-9FE0-1E1BF16E2462}"
EndProject
Project("{9A19103F-16F7-4668-BE54-9A1E7A4F7556}") = "R5T.F0053", "..\..\R5T.F0053\source\R5T.F0053\R5T.F0053.csproj", "{4D0D52BB-A4CB-4A52-9252-892FC94CFE49}"
EndProject
Project("{9A19103F-16F7-4668-BE54-9A1E7A4F7556}") = "R5T.F0054", "..\..\R5T.F0054\source\R5T.F0054\R5T.F0054.csproj", "{B00368C1-0F89-4A87-91BF-77BF72694630}"
EndProject
Project("{9A19103F-16F7-4668-BE54-9A1E7A4F7556}") = "R5T.F0055", "..\..\R5T.F0055\source\R5T.F0055\R5T.F0055.csproj", "{D558418C-0BA2-49BB-AD21-13D99DC6E8E8}"
EndProject
Project("{9A19103F-16F7-4668-BE54-9A1E7A4F7556}") = "R5T.F0057", "..\..\R5T.F0057\source\R5T.F0057\R5T.F0057.csproj", "{2436FCB6-24A6-4642-859D-2BB87FE2C7A0}"
EndProject
Project("{9A19103F-16F7-4668-BE54-9A1E7A4F7556}") = "R5T.F0091", "..\..\R5T.F0091\source\R5T.F0091\R5T.F0091.csproj", "{E8148220-87FB-4ECB-ACDF-E4B6A8CA0B67}"
EndProject
Project("{9A19103F-16F7-4668-BE54-9A1E7A4F7556}") = "R5T.L0001.Y000", "..\..\R5T.L0001\source\R5T.L0001.Y000\R5T.L0001.Y000.csproj", "{1C40EC5B-7F73-4163-A789-023218DD0560}"
EndProject
Project("{9A19103F-16F7-4668-BE54-9A1E7A4F7556}") = "R5T.L0001.Z000", "..\..\R5T.L0001\source\R5T.L0001.Z000\R5T.L0001.Z000.csproj", "{CE890CEC-8F9F-4DB6-91CC-F5360DC5FEF6}"
EndProject
Project("{9A19103F-16F7-4668-BE54-9A1E7A4F7556}") = "R5T.L0001", "..\..\R5T.L0001\source\R5T.L0001\R5T.L0001.csproj", "{B5498C80-40E6-42A2-BD06-FDD11A93A183}"
EndProject
Project("{9A19103F-16F7-4668-BE54-9A1E7A4F7556}") = "R5T.NG0005", "..\..\R5T.NG0005\source\R5T.NG0005\R5T.NG0005.csproj", "{AB009D66-54E7-4252-93B3-816D37212895}"
EndProject
Project("{9A19103F-16F7-4668-BE54-9A1E7A4F7556}") = "R5T.NG0006", "..\..\R5T.NG0006\source\R5T.NG0006\R5T.NG0006.csproj", "{45E0592A-B81A-4852-B6A6-428088BD6BE6}"
EndProject
Project("{9A19103F-16F7-4668-BE54-9A1E7A4F7556}") = "R5T.NG0008", "..\..\R5T.NG0008\source\R5T.NG0008\R5T.NG0008.csproj", "{6B943153-36D2-4B6A-8985-64310DA20A6B}"
EndProject
Project("{9A19103F-16F7-4668-BE54-9A1E7A4F7556}") = "R5T.T0046", "..\..\R5T.T0046\source\R5T.T0046\R5T.T0046.csproj", "{A2B1F1E0-D8BE-45F9-AFBE-EAFC5F63FE70}"
EndProject
Project("{9A19103F-16F7-4668-BE54-9A1E7A4F7556}") = "R5T.T0131", "..\..\R5T.T0131\source\R5T.T0131\R5T.T0131.csproj", "{97A8B07B-5CC2-4C28-BBCD-93310103B65C}"
EndProject
Project("{9A19103F-16F7-4668-BE54-9A1E7A4F7556}") = "R5T.T0132", "..\..\R5T.T0132\source\R5T.T0132\R5T.T0132.csproj", "{D7A1DE52-60D6-4583-8887-1C4F02777064}"
EndProject
Project("{9A19103F-16F7-4668-BE54-9A1E7A4F7556}") = "R5T.T0142", "..\..\R5T.T0142\source\R5T.T0142\R5T.T0142.csproj", "{E5A8A50D-D549-403A-8E62-2A1E034EE4D5}"
EndProject
Project("{9A19103F-16F7-4668-BE54-9A1E7A4F7556}") = "R5T.T0143", "..\..\R5T.T0143\source\R5T.T0143\R5T.T0143.csproj", "{26CA2BD4-144B-44BF-9C73-C37E8EE3F319}"
EndProject
Project("{9A19103F-16F7-4668-BE54-9A1E7A4F7556}") = "R5T.T0144", "..\..\R5T.T0144\source\R5T.T0144\R5T.T0144.csproj", "{224B668C-0997-42BB-B5CA-499B815C29AA}"
EndProject
Project("{9A19103F-16F7-4668-BE54-9A1E7A4F7556}") = "R5T.T0153", "..\..\R5T.T0153\source\R5T.T0153\R5T.T0153.csproj", "{5F3E0AFC-2D4A-47D7-8CA5-470A46994052}"
EndProject
Project("{9A19103F-16F7-4668-BE54-9A1E7A4F7556}") = "R5T.Y0000", "..\..\R5T.Y0000\source\R5T.Y0000\R5T.Y0000.csproj", "{70EEB185-982C-4C75-A8A8-F1226D618BB0}"
EndProject
Project("{9A19103F-16F7-4668-BE54-9A1E7A4F7556}") = "R5T.Y0004", "..\..\R5T.Y0004\source\R5T.Y0004\R5T.Y0004.csproj", "{5590B70F-B1D4-4C8F-841C-DABDDCF3A1EA}"
EndProject
Project("{9A19103F-16F7-4668-BE54-9A1E7A4F7556}") = "R5T.Z0000", "..\..\R5T.Z0000\source\R5T.Z0000\R5T.Z0000.csproj", "{70689340-934C-4960-A083-910567521F81}"
EndProject
Project("{9A19103F-16F7-4668-BE54-9A1E7A4F7556}") = "R5T.Z0005", "..\..\R5T.Z0005\source\R5T.Z0005\R5T.Z0005.csproj", "{889C5352-93F6-490A-A014-5266C1566745}"
EndProject
Project("{9A19103F-16F7-4668-BE54-9A1E7A4F7556}") = "R5T.Z0013", "..\..\R5T.Z0013\source\R5T.Z0013\R5T.Z0013.csproj", "{A15012AB-A017-4D4A-B230-7460862749D1}"
EndProject
Project("{9A19103F-16F7-4668-BE54-9A1E7A4F7556}") = "R5T.Z0023", "..\..\R5T.Z0023\source\R5T.Z0023\R5T.Z0023.csproj", "{53721541-218E-437D-8CE8-214B2B562687}"
EndProject
Project("{9A19103F-16F7-4668-BE54-9A1E7A4F7556}") = "R5T.F0087", "..\..\R5T.F0087\source\R5T.F0087\R5T.F0087.csproj", "{8B2CACA5-E143-45AC-8A94-0E0E27E51ABC}"
EndProject
Project("{9A19103F-16F7-4668-BE54-9A1E7A4F7556}") = "R5T.F0059", "..\..\R5T.F0059\source\R5T.F0059\R5T.F0059.csproj", "{68F86450-5A1E-4121-89F1-2681C18BD209}"
EndProject
Project("{9A19103F-16F7-4668-BE54-9A1E7A4F7556}") = "R5T.F0035", "..\..\R5T.F0035\source\R5T.F0035\R5T.F0035.csproj", "{8CBE6C78-3C37-447C-8487-A765984C805C}"
EndProject
Project("{9A19103F-16F7-4668-BE54-9A1E7A4F7556}") = "R5T.F0088", "..\..\R5T.F0088\source\R5T.F0088\R5T.F0088.csproj", "{7FECE87E-EDB1-4D0A-BC6C-59B46A28BAC9}"
EndProject
Project("{9A19103F-16F7-4668-BE54-9A1E7A4F7556}") = "R5T.T0155", "..\..\R5T.T0155\source\R5T.T0155\R5T.T0155.csproj", "{6553258B-DE36-41C7-8884-22E3126A865B}"
EndProject
Project("{9A19103F-16F7-4668-BE54-9A1E7A4F7556}") = "R5T.F0090", "..\..\R5T.F0090\source\R5T.F0090\R5T.F0090.csproj", "{160318E2-A4FB-47CD-A922-40DE5D0F2EF8}"
EndProject
Project("{9A19103F-16F7-4668-BE54-9A1E7A4F7556}") = "R5T.F0034", "..\..\R5T.F0034\source\R5T.F0034\R5T.F0034.csproj", "{7BF88221-93AF-4BDD-9B64-D4CD06FBF38D}"
EndProject
Project("{9A19103F-16F7-4668-BE54-9A1E7A4F7556}") = "R5T.F0016.F001", "..\..\R5T.F0016\source\R5T.F0016.F001\R5T.F0016.F001.csproj", "{315EF901-20E3-47F4-BD14-59C2466B5626}"
EndProject
Project("{9A19103F-16F7-4668-BE54-9A1E7A4F7556}") = "R5T.F0016", "..\..\R5T.F0016\source\R5T.F0016\R5T.F0016.csproj", "{5F0D62F0-5589-48CA-A20F-F8D366272D46}"
EndProject
Project("{9A19103F-16F7-4668-BE54-9A1E7A4F7556}") = "R5T.F0020", "..\..\R5T.F0020\source\R5T.F0020\R5T.F0020.csproj", "{4ADAD292-BCFF-431D-A38A-3FA7781BE589}"
EndProject
Project("{9A19103F-16F7-4668-BE54-9A1E7A4F7556}") = "R5T.F0024.T001", "..\..\R5T.F0024\source\R5T.F0024.T001\R5T.F0024.T001.csproj", "{3DB4C84C-21E5-4881-8212-71CBDFEF4A6F}"
EndProject
Project("{9A19103F-16F7-4668-BE54-9A1E7A4F7556}") = "R5T.F0024", "..\..\R5T.F0024\source\R5T.F0024\R5T.F0024.csproj", "{35B9B769-0AE8-4807-9663-E25ECE12462B}"
EndProject
Project("{9A19103F-16F7-4668-BE54-9A1E7A4F7556}") = "R5T.F0042.F002", "..\..\R5T.F0042\source\R5T.F0042.F002\R5T.F0042.F002.csproj", "{A0B85CC0-2AAD-4FC8-8518-692564DEBA2F}"
EndProject
Project("{9A19103F-16F7-4668-BE54-9A1E7A4F7556}") = "R5T.F0063.F001", "..\..\R5T.F0063\source\R5T.F0063.F001\R5T.F0063.F001.csproj", "{C2649991-188C-493A-ACA4-9132D3A06821}"
EndProject
Project("{9A19103F-16F7-4668-BE54-9A1E7A4F7556}") = "R5T.F0063", "..\..\R5T.F0063\source\R5T.F0063\R5T.F0063.csproj", "{32A962CC-C2D1-41FE-9DF8-EB32EE507A06}"
EndProject
Project("{9A19103F-16F7-4668-BE54-9A1E7A4F7556}") = "R5T.F0078", "..\..\R5T.F0078\source\R5T.F0078\R5T.F0078.csproj", "{7C2AB74A-B91C-4FE9-87BB-0D6588E7AE69}"
EndProject
Project("{9A19103F-16F7-4668-BE54-9A1E7A4F7556}") = "R5T.F0079", "..\..\R5T.F0079\source\R5T.F0079\R5T.F0079.csproj", "{9FF0F8E8-1C92-410C-95AB-5BF797A196DE}"
EndProject
Project("{9A19103F-16F7-4668-BE54-9A1E7A4F7556}") = "R5T.F0081", "..\..\R5T.F0081\source\R5T.F0081\R5T.F0081.csproj", "{C51643D5-A741-409B-9D42-556BF7576DD6}"
EndProject
Project("{9A19103F-16F7-4668-BE54-9A1E7A4F7556}") = "R5T.F0083.R001", "..\..\R5T.F0083\source\R5T.F0083.R001\R5T.F0083.R001.csproj", "{B0B0DE8F-A44F-4903-AAF8-59D954DE57E3}"
EndProject
Project("{9A19103F-16F7-4668-BE54-9A1E7A4F7556}") = "R5T.F0083", "..\..\R5T.F0083\source\R5T.F0083\R5T.F0083.csproj", "{543E8944-F676-4BC7-B662-FB690D270E08}"
EndProject
Project("{9A19103F-16F7-4668-BE54-9A1E7A4F7556}") = "R5T.F0084", "..\..\R5T.F0084\source\R5T.F0084\R5T.F0084.csproj", "{F3A8DD37-0530-4757-B018-C1E35720AC64}"
EndProject
Project("{9A19103F-16F7-4668-BE54-9A1E7A4F7556}") = "R5T.F0085", "..\..\R5T.F0085\source\R5T.F0085\R5T.F0085.csproj", "{A6685FA4-6F2E-408D-B3B6-442F206A9CBD}"
EndProject
Project("{9A19103F-16F7-4668-BE54-9A1E7A4F7556}") = "R5T.F0086", "..\..\R5T.F0086\source\R5T.F0086\R5T.F0086.csproj", "{071570D7-723D-4730-A473-B436AEDA3BF2}"
EndProject
Project("{9A19103F-16F7-4668-BE54-9A1E7A4F7556}") = "R5T.F0094", "..\..\R5T.F0094\source\R5T.F0094\R5T.F0094.csproj", "{84725ED2-1901-4D7D-9CF5-36B6BC30B64E}"
EndProject
Project("{9A19103F-16F7-4668-BE54-9A1E7A4F7556}") = "R5T.F0095", "..\..\R5T.F0095\source\R5T.F0095\R5T.F0095.csproj", "{7CC4F98F-54B9-4A74-BF0E-02267AA58752}"
EndProject
Project("{9A19103F-16F7-4668-BE54-9A1E7A4F7556}") = "R5T.L0026.T000", "..\..\R5T.L0026\source\R5T.L0026.T000\R5T.L0026.T000.csproj", "{83DD47B2-F709-472A-B5AD-BD1539AEF43F}"
EndProject
Project("{9A19103F-16F7-4668-BE54-9A1E7A4F7556}") = "R5T.L0026", "..\..\R5T.L0026\source\R5T.L0026\R5T.L0026.csproj", "{F3AF9A0C-266B-4DC3-A515-2E163A059C6D}"
EndProject
Project("{9A19103F-16F7-4668-BE54-9A1E7A4F7556}") = "R5T.NG0002", "..\..\R5T.NG0002\source\R5T.NG0002\R5T.NG0002.csproj", "{2109E80E-1A3F-463F-B3DC-4365B1475B63}"
EndProject
Project("{9A19103F-16F7-4668-BE54-9A1E7A4F7556}") = "R5T.NG0003", "..\..\R5T.NG0003\source\R5T.NG0003\R5T.NG0003.csproj", "{16C28033-C8D9-47C3-B7E6-7B86D22DAD90}"
EndProject
Project("{9A19103F-16F7-4668-BE54-9A1E7A4F7556}") = "R5T.NG0009", "..\..\R5T.NG0009\source\R5T.NG0009\R5T.NG0009.csproj", "{A0B13C72-AE1F-4331-B011-605D4E1C7A4A}"
EndProject
Project("{9A19103F-16F7-4668-BE54-9A1E7A4F7556}") = "R5T.NG0014", "..\..\R5T.NG0014\source\R5T.NG0014\R5T.NG0014.csproj", "{070A18FA-0707-4DD5-9F45-21194C49E4B8}"
EndProject
Project("{9A19103F-16F7-4668-BE54-9A1E7A4F7556}") = "R5T.T0152", "..\..\R5T.T0152\source\R5T.T0152\R5T.T0152.csproj", "{3EB66232-04E7-497E-B08A-212903441749}"
EndProject
Project("{9A19103F-16F7-4668-BE54-9A1E7A4F7556}") = "R5T.T0154", "..\..\R5T.T0154\source\R5T.T0154\R5T.T0154.csproj", "{0E9E88A5-3AA6-4235-BF2D-7092828D31B0}"
EndProject
Project("{9A19103F-16F7-4668-BE54-9A1E7A4F7556}") = "R5T.T0156", "..\..\R5T.T0156\source\R5T.T0156\R5T.T0156.csproj", "{F71187AE-F982-4EE2-93E5-08BBBDCF30B5}"
EndProject
Project("{9A19103F-16F7-4668-BE54-9A1E7A4F7556}") = "R5T.Z0006", "..\..\R5T.Z0006\source\R5T.Z0006\R5T.Z0006.csproj", "{9D437595-9AD6-4C98-84F9-608185CB2136}"
EndProject
Project("{9A19103F-16F7-4668-BE54-9A1E7A4F7556}") = "R5T.Z0007", "..\..\R5T.Z0007\source\R5T.Z0007\R5T.Z0007.csproj", "{BFD3B022-3D3A-446F-9214-82F113ABACAA}"
EndProject
Project("{9A19103F-16F7-4668-BE54-9A1E7A4F7556}") = "R5T.Z0009", "..\..\R5T.Z0009\source\R5T.Z0009\R5T.Z0009.csproj", "{8E5C0128-FFB7-4B84-8DAA-987DA3E07AEF}"
EndProject
Project("{9A19103F-16F7-4668-BE54-9A1E7A4F7556}") = "R5T.Z0018", "..\..\R5T.Z0018.Private\source\R5T.Z0018\R5T.Z0018.csproj", "{9F338282-A8EC-41D3-8D87-5FEE65A024FB}"
EndProject
Project("{9A19103F-16F7-4668-BE54-9A1E7A4F7556}") = "R5T.Z0020", "..\..\R5T.Z0020\source\R5T.Z0020\R5T.Z0020.csproj", "{83EA9617-7A0A-4040-AEB6-B578F8A6064D}"
EndProject
Global
	GlobalSection(NestedProjects) = preSolution
		{3EEE5796-E38C-4C95-A9F1-2565271C2BB6} = {62E87539-CDAD-4DDC-A3CB-3E8BF6BA73AE}
		{0734D72E-B985-4851-86CD-21E891975220} = {62E87539-CDAD-4DDC-A3CB-3E8BF6BA73AE}
		{BA4AE4B4-D568-4605-B6B6-99EB0A65B873} = {62E87539-CDAD-4DDC-A3CB-3E8BF6BA73AE}
		{965FE7A8-F172-4BAF-9337-7B33EA2693E7} = {62E87539-CDAD-4DDC-A3CB-3E8BF6BA73AE}
		{86C6C50E-AD1E-485D-88B4-F19A1F759D48} = {62E87539-CDAD-4DDC-A3CB-3E8BF6BA73AE}
		{FDC2C744-D80E-408F-A44B-AC53905ACD24} = {62E87539-CDAD-4DDC-A3CB-3E8BF6BA73AE}
		{7FBF45E5-65B6-4B7A-99AA-69D3E89DCEE2} = {62E87539-CDAD-4DDC-A3CB-3E8BF6BA73AE}
		{0C51AA48-D5D5-4382-8BDB-06858D1E39F5} = {62E87539-CDAD-4DDC-A3CB-3E8BF6BA73AE}
		{958A79C8-0B9B-4AE9-8D8A-D4A0838B5092} = {62E87539-CDAD-4DDC-A3CB-3E8BF6BA73AE}
		{8D355C6D-A2E9-4A5B-98AB-77CAB834A733} = {62E87539-CDAD-4DDC-A3CB-3E8BF6BA73AE}
		{99C71B4D-1D6A-4402-98CF-286A4265766E} = {62E87539-CDAD-4DDC-A3CB-3E8BF6BA73AE}
		{94B8101B-8C96-488B-AE27-93931BC7BAA9} = {62E87539-CDAD-4DDC-A3CB-3E8BF6BA73AE}
		{524A5C43-4951-4736-BF5A-5953103F5990} = {62E87539-CDAD-4DDC-A3CB-3E8BF6BA73AE}
		{7A33867D-4BBD-4BDF-9F16-CC5026213054} = {62E87539-CDAD-4DDC-A3CB-3E8BF6BA73AE}
		{7F18C449-5CE7-4562-9122-448ECE4EC42B} = {62E87539-CDAD-4DDC-A3CB-3E8BF6BA73AE}
		{39A2C5D7-74AD-44B7-A0B7-72E160146F78} = {62E87539-CDAD-4DDC-A3CB-3E8BF6BA73AE}
		{3D2DB586-53EA-4E6F-A4F6-C953478FDC9D} = {62E87539-CDAD-4DDC-A3CB-3E8BF6BA73AE}
		{A778F872-D2DA-484D-9FE0-1E1BF16E2462} = {62E87539-CDAD-4DDC-A3CB-3E8BF6BA73AE}
		{4D0D52BB-A4CB-4A52-9252-892FC94CFE49} = {62E87539-CDAD-4DDC-A3CB-3E8BF6BA73AE}
		{B00368C1-0F89-4A87-91BF-77BF72694630} = {62E87539-CDAD-4DDC-A3CB-3E8BF6BA73AE}
		{D558418C-0BA2-49BB-AD21-13D99DC6E8E8} = {62E87539-CDAD-4DDC-A3CB-3E8BF6BA73AE}
		{2436FCB6-24A6-4642-859D-2BB87FE2C7A0} = {62E87539-CDAD-4DDC-A3CB-3E8BF6BA73AE}
		{E8148220-87FB-4ECB-ACDF-E4B6A8CA0B67} = {62E87539-CDAD-4DDC-A3CB-3E8BF6BA73AE}
		{1C40EC5B-7F73-4163-A789-023218DD0560} = {62E87539-CDAD-4DDC-A3CB-3E8BF6BA73AE}
		{CE890CEC-8F9F-4DB6-91CC-F5360DC5FEF6} = {62E87539-CDAD-4DDC-A3CB-3E8BF6BA73AE}
		{B5498C80-40E6-42A2-BD06-FDD11A93A183} = {62E87539-CDAD-4DDC-A3CB-3E8BF6BA73AE}
		{AB009D66-54E7-4252-93B3-816D37212895} = {62E87539-CDAD-4DDC-A3CB-3E8BF6BA73AE}
		{45E0592A-B81A-4852-B6A6-428088BD6BE6} = {62E87539-CDAD-4DDC-A3CB-3E8BF6BA73AE}
		{6B943153-36D2-4B6A-8985-64310DA20A6B} = {62E87539-CDAD-4DDC-A3CB-3E8BF6BA73AE}
		{A2B1F1E0-D8BE-45F9-AFBE-EAFC5F63FE70} = {62E87539-CDAD-4DDC-A3CB-3E8BF6BA73AE}
		{97A8B07B-5CC2-4C28-BBCD-93310103B65C} = {62E87539-CDAD-4DDC-A3CB-3E8BF6BA73AE}
		{D7A1DE52-60D6-4583-8887-1C4F02777064} = {62E87539-CDAD-4DDC-A3CB-3E8BF6BA73AE}
		{E5A8A50D-D549-403A-8E62-2A1E034EE4D5} = {62E87539-CDAD-4DDC-A3CB-3E8BF6BA73AE}
		{26CA2BD4-144B-44BF-9C73-C37E8EE3F319} = {62E87539-CDAD-4DDC-A3CB-3E8BF6BA73AE}
		{224B668C-0997-42BB-B5CA-499B815C29AA} = {62E87539-CDAD-4DDC-A3CB-3E8BF6BA73AE}
		{5F3E0AFC-2D4A-47D7-8CA5-470A46994052} = {62E87539-CDAD-4DDC-A3CB-3E8BF6BA73AE}
		{70EEB185-982C-4C75-A8A8-F1226D618BB0} = {62E87539-CDAD-4DDC-A3CB-3E8BF6BA73AE}
		{5590B70F-B1D4-4C8F-841C-DABDDCF3A1EA} = {62E87539-CDAD-4DDC-A3CB-3E8BF6BA73AE}
		{70689340-934C-4960-A083-910567521F81} = {62E87539-CDAD-4DDC-A3CB-3E8BF6BA73AE}
		{889C5352-93F6-490A-A014-5266C1566745} = {62E87539-CDAD-4DDC-A3CB-3E8BF6BA73AE}
		{A15012AB-A017-4D4A-B230-7460862749D1} = {62E87539-CDAD-4DDC-A3CB-3E8BF6BA73AE}
		{53721541-218E-437D-8CE8-214B2B562687} = {62E87539-CDAD-4DDC-A3CB-3E8BF6BA73AE}
		{8B2CACA5-E143-45AC-8A94-0E0E27E51ABC} = {62E87539-CDAD-4DDC-A3CB-3E8BF6BA73AE}
		{68F86450-5A1E-4121-89F1-2681C18BD209} = {62E87539-CDAD-4DDC-A3CB-3E8BF6BA73AE}
		{8CBE6C78-3C37-447C-8487-A765984C805C} = {62E87539-CDAD-4DDC-A3CB-3E8BF6BA73AE}
		{7FECE87E-EDB1-4D0A-BC6C-59B46A28BAC9} = {62E87539-CDAD-4DDC-A3CB-3E8BF6BA73AE}
		{6553258B-DE36-41C7-8884-22E3126A865B} = {62E87539-CDAD-4DDC-A3CB-3E8BF6BA73AE}
		{160318E2-A4FB-47CD-A922-40DE5D0F2EF8} = {62E87539-CDAD-4DDC-A3CB-3E8BF6BA73AE}
		{7BF88221-93AF-4BDD-9B64-D4CD06FBF38D} = {62E87539-CDAD-4DDC-A3CB-3E8BF6BA73AE}
		{315EF901-20E3-47F4-BD14-59C2466B5626} = {62E87539-CDAD-4DDC-A3CB-3E8BF6BA73AE}
		{5F0D62F0-5589-48CA-A20F-F8D366272D46} = {62E87539-CDAD-4DDC-A3CB-3E8BF6BA73AE}
		{4ADAD292-BCFF-431D-A38A-3FA7781BE589} = {62E87539-CDAD-4DDC-A3CB-3E8BF6BA73AE}
		{3DB4C84C-21E5-4881-8212-71CBDFEF4A6F} = {62E87539-CDAD-4DDC-A3CB-3E8BF6BA73AE}
		{35B9B769-0AE8-4807-9663-E25ECE12462B} = {62E87539-CDAD-4DDC-A3CB-3E8BF6BA73AE}
		{A0B85CC0-2AAD-4FC8-8518-692564DEBA2F} = {62E87539-CDAD-4DDC-A3CB-3E8BF6BA73AE}
		{C2649991-188C-493A-ACA4-9132D3A06821} = {62E87539-CDAD-4DDC-A3CB-3E8BF6BA73AE}
		{32A962CC-C2D1-41FE-9DF8-EB32EE507A06} = {62E87539-CDAD-4DDC-A3CB-3E8BF6BA73AE}
		{7C2AB74A-B91C-4FE9-87BB-0D6588E7AE69} = {62E87539-CDAD-4DDC-A3CB-3E8BF6BA73AE}
		{9FF0F8E8-1C92-410C-95AB-5BF797A196DE} = {62E87539-CDAD-4DDC-A3CB-3E8BF6BA73AE}
		{C51643D5-A741-409B-9D42-556BF7576DD6} = {62E87539-CDAD-4DDC-A3CB-3E8BF6BA73AE}
		{B0B0DE8F-A44F-4903-AAF8-59D954DE57E3} = {62E87539-CDAD-4DDC-A3CB-3E8BF6BA73AE}
		{543E8944-F676-4BC7-B662-FB690D270E08} = {62E87539-CDAD-4DDC-A3CB-3E8BF6BA73AE}
		{F3A8DD37-0530-4757-B018-C1E35720AC64} = {62E87539-CDAD-4DDC-A3CB-3E8BF6BA73AE}
		{A6685FA4-6F2E-408D-B3B6-442F206A9CBD} = {62E87539-CDAD-4DDC-A3CB-3E8BF6BA73AE}
		{071570D7-723D-4730-A473-B436AEDA3BF2} = {62E87539-CDAD-4DDC-A3CB-3E8BF6BA73AE}
		{84725ED2-1901-4D7D-9CF5-36B6BC30B64E} = {62E87539-CDAD-4DDC-A3CB-3E8BF6BA73AE}
		{7CC4F98F-54B9-4A74-BF0E-02267AA58752} = {62E87539-CDAD-4DDC-A3CB-3E8BF6BA73AE}
		{83DD47B2-F709-472A-B5AD-BD1539AEF43F} = {62E87539-CDAD-4DDC-A3CB-3E8BF6BA73AE}
		{F3AF9A0C-266B-4DC3-A515-2E163A059C6D} = {62E87539-CDAD-4DDC-A3CB-3E8BF6BA73AE}
		{2109E80E-1A3F-463F-B3DC-4365B1475B63} = {62E87539-CDAD-4DDC-A3CB-3E8BF6BA73AE}
		{16C28033-C8D9-47C3-B7E6-7B86D22DAD90} = {62E87539-CDAD-4DDC-A3CB-3E8BF6BA73AE}
		{A0B13C72-AE1F-4331-B011-605D4E1C7A4A} = {62E87539-CDAD-4DDC-A3CB-3E8BF6BA73AE}
		{070A18FA-0707-4DD5-9F45-21194C49E4B8} = {62E87539-CDAD-4DDC-A3CB-3E8BF6BA73AE}
		{3EB66232-04E7-497E-B08A-212903441749} = {62E87539-CDAD-4DDC-A3CB-3E8BF6BA73AE}
		{0E9E88A5-3AA6-4235-BF2D-7092828D31B0} = {62E87539-CDAD-4DDC-A3CB-3E8BF6BA73AE}
		{F71187AE-F982-4EE2-93E5-08BBBDCF30B5} = {62E87539-CDAD-4DDC-A3CB-3E8BF6BA73AE}
		{9D437595-9AD6-4C98-84F9-608185CB2136} = {62E87539-CDAD-4DDC-A3CB-3E8BF6BA73AE}
		{BFD3B022-3D3A-446F-9214-82F113ABACAA} = {62E87539-CDAD-4DDC-A3CB-3E8BF6BA73AE}
		{8E5C0128-FFB7-4B84-8DAA-987DA3E07AEF} = {62E87539-CDAD-4DDC-A3CB-3E8BF6BA73AE}
		{9F338282-A8EC-41D3-8D87-5FEE65A024FB} = {62E87539-CDAD-4DDC-A3CB-3E8BF6BA73AE}
		{83EA9617-7A0A-4040-AEB6-B578F8A6064D} = {62E87539-CDAD-4DDC-A3CB-3E8BF6BA73AE}
	EndGlobalSection
	GlobalSection(SolutionConfigurationPlatforms) = preSolution
		Debug|Any CPU = Debug|Any CPU
		Release|Any CPU = Release|Any CPU
	EndGlobalSection
	GlobalSection(ProjectConfigurationPlatforms) = postSolution
		{763F25A6-E750-4DDC-9E3E-DB35A822F155}.Debug|Any CPU.ActiveCfg = Debug|Any CPU
		{763F25A6-E750-4DDC-9E3E-DB35A822F155}.Debug|Any CPU.Build.0 = Debug|Any CPU
		{763F25A6-E750-4DDC-9E3E-DB35A822F155}.Release|Any CPU.ActiveCfg = Release|Any CPU
		{763F25A6-E750-4DDC-9E3E-DB35A822F155}.Release|Any CPU.Build.0 = Release|Any CPU
		{3EEE5796-E38C-4C95-A9F1-2565271C2BB6}.Debug|Any CPU.ActiveCfg = Debug|Any CPU
		{3EEE5796-E38C-4C95-A9F1-2565271C2BB6}.Debug|Any CPU.Build.0 = Debug|Any CPU
		{3EEE5796-E38C-4C95-A9F1-2565271C2BB6}.Release|Any CPU.ActiveCfg = Release|Any CPU
		{3EEE5796-E38C-4C95-A9F1-2565271C2BB6}.Release|Any CPU.Build.0 = Release|Any CPU
		{0734D72E-B985-4851-86CD-21E891975220}.Debug|Any CPU.ActiveCfg = Debug|Any CPU
		{0734D72E-B985-4851-86CD-21E891975220}.Debug|Any CPU.Build.0 = Debug|Any CPU
		{0734D72E-B985-4851-86CD-21E891975220}.Release|Any CPU.ActiveCfg = Release|Any CPU
		{0734D72E-B985-4851-86CD-21E891975220}.Release|Any CPU.Build.0 = Release|Any CPU
		{BA4AE4B4-D568-4605-B6B6-99EB0A65B873}.Debug|Any CPU.ActiveCfg = Debug|Any CPU
		{BA4AE4B4-D568-4605-B6B6-99EB0A65B873}.Debug|Any CPU.Build.0 = Debug|Any CPU
		{BA4AE4B4-D568-4605-B6B6-99EB0A65B873}.Release|Any CPU.ActiveCfg = Release|Any CPU
		{BA4AE4B4-D568-4605-B6B6-99EB0A65B873}.Release|Any CPU.Build.0 = Release|Any CPU
		{965FE7A8-F172-4BAF-9337-7B33EA2693E7}.Debug|Any CPU.ActiveCfg = Debug|Any CPU
		{965FE7A8-F172-4BAF-9337-7B33EA2693E7}.Debug|Any CPU.Build.0 = Debug|Any CPU
		{965FE7A8-F172-4BAF-9337-7B33EA2693E7}.Release|Any CPU.ActiveCfg = Release|Any CPU
		{965FE7A8-F172-4BAF-9337-7B33EA2693E7}.Release|Any CPU.Build.0 = Release|Any CPU
		{86C6C50E-AD1E-485D-88B4-F19A1F759D48}.Debug|Any CPU.ActiveCfg = Debug|Any CPU
		{86C6C50E-AD1E-485D-88B4-F19A1F759D48}.Debug|Any CPU.Build.0 = Debug|Any CPU
		{86C6C50E-AD1E-485D-88B4-F19A1F759D48}.Release|Any CPU.ActiveCfg = Release|Any CPU
		{86C6C50E-AD1E-485D-88B4-F19A1F759D48}.Release|Any CPU.Build.0 = Release|Any CPU
		{FDC2C744-D80E-408F-A44B-AC53905ACD24}.Debug|Any CPU.ActiveCfg = Debug|Any CPU
		{FDC2C744-D80E-408F-A44B-AC53905ACD24}.Debug|Any CPU.Build.0 = Debug|Any CPU
		{FDC2C744-D80E-408F-A44B-AC53905ACD24}.Release|Any CPU.ActiveCfg = Release|Any CPU
		{FDC2C744-D80E-408F-A44B-AC53905ACD24}.Release|Any CPU.Build.0 = Release|Any CPU
		{7FBF45E5-65B6-4B7A-99AA-69D3E89DCEE2}.Debug|Any CPU.ActiveCfg = Debug|Any CPU
		{7FBF45E5-65B6-4B7A-99AA-69D3E89DCEE2}.Debug|Any CPU.Build.0 = Debug|Any CPU
		{7FBF45E5-65B6-4B7A-99AA-69D3E89DCEE2}.Release|Any CPU.ActiveCfg = Release|Any CPU
		{7FBF45E5-65B6-4B7A-99AA-69D3E89DCEE2}.Release|Any CPU.Build.0 = Release|Any CPU
		{0C51AA48-D5D5-4382-8BDB-06858D1E39F5}.Debug|Any CPU.ActiveCfg = Debug|Any CPU
		{0C51AA48-D5D5-4382-8BDB-06858D1E39F5}.Debug|Any CPU.Build.0 = Debug|Any CPU
		{0C51AA48-D5D5-4382-8BDB-06858D1E39F5}.Release|Any CPU.ActiveCfg = Release|Any CPU
		{0C51AA48-D5D5-4382-8BDB-06858D1E39F5}.Release|Any CPU.Build.0 = Release|Any CPU
		{958A79C8-0B9B-4AE9-8D8A-D4A0838B5092}.Debug|Any CPU.ActiveCfg = Debug|Any CPU
		{958A79C8-0B9B-4AE9-8D8A-D4A0838B5092}.Debug|Any CPU.Build.0 = Debug|Any CPU
		{958A79C8-0B9B-4AE9-8D8A-D4A0838B5092}.Release|Any CPU.ActiveCfg = Release|Any CPU
		{958A79C8-0B9B-4AE9-8D8A-D4A0838B5092}.Release|Any CPU.Build.0 = Release|Any CPU
		{8D355C6D-A2E9-4A5B-98AB-77CAB834A733}.Debug|Any CPU.ActiveCfg = Debug|Any CPU
		{8D355C6D-A2E9-4A5B-98AB-77CAB834A733}.Debug|Any CPU.Build.0 = Debug|Any CPU
		{8D355C6D-A2E9-4A5B-98AB-77CAB834A733}.Release|Any CPU.ActiveCfg = Release|Any CPU
		{8D355C6D-A2E9-4A5B-98AB-77CAB834A733}.Release|Any CPU.Build.0 = Release|Any CPU
		{99C71B4D-1D6A-4402-98CF-286A4265766E}.Debug|Any CPU.ActiveCfg = Debug|Any CPU
		{99C71B4D-1D6A-4402-98CF-286A4265766E}.Debug|Any CPU.Build.0 = Debug|Any CPU
		{99C71B4D-1D6A-4402-98CF-286A4265766E}.Release|Any CPU.ActiveCfg = Release|Any CPU
		{99C71B4D-1D6A-4402-98CF-286A4265766E}.Release|Any CPU.Build.0 = Release|Any CPU
		{94B8101B-8C96-488B-AE27-93931BC7BAA9}.Debug|Any CPU.ActiveCfg = Debug|Any CPU
		{94B8101B-8C96-488B-AE27-93931BC7BAA9}.Debug|Any CPU.Build.0 = Debug|Any CPU
		{94B8101B-8C96-488B-AE27-93931BC7BAA9}.Release|Any CPU.ActiveCfg = Release|Any CPU
		{94B8101B-8C96-488B-AE27-93931BC7BAA9}.Release|Any CPU.Build.0 = Release|Any CPU
		{524A5C43-4951-4736-BF5A-5953103F5990}.Debug|Any CPU.ActiveCfg = Debug|Any CPU
		{524A5C43-4951-4736-BF5A-5953103F5990}.Debug|Any CPU.Build.0 = Debug|Any CPU
		{524A5C43-4951-4736-BF5A-5953103F5990}.Release|Any CPU.ActiveCfg = Release|Any CPU
		{524A5C43-4951-4736-BF5A-5953103F5990}.Release|Any CPU.Build.0 = Release|Any CPU
		{7A33867D-4BBD-4BDF-9F16-CC5026213054}.Debug|Any CPU.ActiveCfg = Debug|Any CPU
		{7A33867D-4BBD-4BDF-9F16-CC5026213054}.Debug|Any CPU.Build.0 = Debug|Any CPU
		{7A33867D-4BBD-4BDF-9F16-CC5026213054}.Release|Any CPU.ActiveCfg = Release|Any CPU
		{7A33867D-4BBD-4BDF-9F16-CC5026213054}.Release|Any CPU.Build.0 = Release|Any CPU
		{7F18C449-5CE7-4562-9122-448ECE4EC42B}.Debug|Any CPU.ActiveCfg = Debug|Any CPU
		{7F18C449-5CE7-4562-9122-448ECE4EC42B}.Debug|Any CPU.Build.0 = Debug|Any CPU
		{7F18C449-5CE7-4562-9122-448ECE4EC42B}.Release|Any CPU.ActiveCfg = Release|Any CPU
		{7F18C449-5CE7-4562-9122-448ECE4EC42B}.Release|Any CPU.Build.0 = Release|Any CPU
		{39A2C5D7-74AD-44B7-A0B7-72E160146F78}.Debug|Any CPU.ActiveCfg = Debug|Any CPU
		{39A2C5D7-74AD-44B7-A0B7-72E160146F78}.Debug|Any CPU.Build.0 = Debug|Any CPU
		{39A2C5D7-74AD-44B7-A0B7-72E160146F78}.Release|Any CPU.ActiveCfg = Release|Any CPU
		{39A2C5D7-74AD-44B7-A0B7-72E160146F78}.Release|Any CPU.Build.0 = Release|Any CPU
		{3D2DB586-53EA-4E6F-A4F6-C953478FDC9D}.Debug|Any CPU.ActiveCfg = Debug|Any CPU
		{3D2DB586-53EA-4E6F-A4F6-C953478FDC9D}.Debug|Any CPU.Build.0 = Debug|Any CPU
		{3D2DB586-53EA-4E6F-A4F6-C953478FDC9D}.Release|Any CPU.ActiveCfg = Release|Any CPU
		{3D2DB586-53EA-4E6F-A4F6-C953478FDC9D}.Release|Any CPU.Build.0 = Release|Any CPU
		{A778F872-D2DA-484D-9FE0-1E1BF16E2462}.Debug|Any CPU.ActiveCfg = Debug|Any CPU
		{A778F872-D2DA-484D-9FE0-1E1BF16E2462}.Debug|Any CPU.Build.0 = Debug|Any CPU
		{A778F872-D2DA-484D-9FE0-1E1BF16E2462}.Release|Any CPU.ActiveCfg = Release|Any CPU
		{A778F872-D2DA-484D-9FE0-1E1BF16E2462}.Release|Any CPU.Build.0 = Release|Any CPU
		{4D0D52BB-A4CB-4A52-9252-892FC94CFE49}.Debug|Any CPU.ActiveCfg = Debug|Any CPU
		{4D0D52BB-A4CB-4A52-9252-892FC94CFE49}.Debug|Any CPU.Build.0 = Debug|Any CPU
		{4D0D52BB-A4CB-4A52-9252-892FC94CFE49}.Release|Any CPU.ActiveCfg = Release|Any CPU
		{4D0D52BB-A4CB-4A52-9252-892FC94CFE49}.Release|Any CPU.Build.0 = Release|Any CPU
		{B00368C1-0F89-4A87-91BF-77BF72694630}.Debug|Any CPU.ActiveCfg = Debug|Any CPU
		{B00368C1-0F89-4A87-91BF-77BF72694630}.Debug|Any CPU.Build.0 = Debug|Any CPU
		{B00368C1-0F89-4A87-91BF-77BF72694630}.Release|Any CPU.ActiveCfg = Release|Any CPU
		{B00368C1-0F89-4A87-91BF-77BF72694630}.Release|Any CPU.Build.0 = Release|Any CPU
		{D558418C-0BA2-49BB-AD21-13D99DC6E8E8}.Debug|Any CPU.ActiveCfg = Debug|Any CPU
		{D558418C-0BA2-49BB-AD21-13D99DC6E8E8}.Debug|Any CPU.Build.0 = Debug|Any CPU
		{D558418C-0BA2-49BB-AD21-13D99DC6E8E8}.Release|Any CPU.ActiveCfg = Release|Any CPU
		{D558418C-0BA2-49BB-AD21-13D99DC6E8E8}.Release|Any CPU.Build.0 = Release|Any CPU
		{2436FCB6-24A6-4642-859D-2BB87FE2C7A0}.Debug|Any CPU.ActiveCfg = Debug|Any CPU
		{2436FCB6-24A6-4642-859D-2BB87FE2C7A0}.Debug|Any CPU.Build.0 = Debug|Any CPU
		{2436FCB6-24A6-4642-859D-2BB87FE2C7A0}.Release|Any CPU.ActiveCfg = Release|Any CPU
		{2436FCB6-24A6-4642-859D-2BB87FE2C7A0}.Release|Any CPU.Build.0 = Release|Any CPU
		{E8148220-87FB-4ECB-ACDF-E4B6A8CA0B67}.Debug|Any CPU.ActiveCfg = Debug|Any CPU
		{E8148220-87FB-4ECB-ACDF-E4B6A8CA0B67}.Debug|Any CPU.Build.0 = Debug|Any CPU
		{E8148220-87FB-4ECB-ACDF-E4B6A8CA0B67}.Release|Any CPU.ActiveCfg = Release|Any CPU
		{E8148220-87FB-4ECB-ACDF-E4B6A8CA0B67}.Release|Any CPU.Build.0 = Release|Any CPU
		{1C40EC5B-7F73-4163-A789-023218DD0560}.Debug|Any CPU.ActiveCfg = Debug|Any CPU
		{1C40EC5B-7F73-4163-A789-023218DD0560}.Debug|Any CPU.Build.0 = Debug|Any CPU
		{1C40EC5B-7F73-4163-A789-023218DD0560}.Release|Any CPU.ActiveCfg = Release|Any CPU
		{1C40EC5B-7F73-4163-A789-023218DD0560}.Release|Any CPU.Build.0 = Release|Any CPU
		{CE890CEC-8F9F-4DB6-91CC-F5360DC5FEF6}.Debug|Any CPU.ActiveCfg = Debug|Any CPU
		{CE890CEC-8F9F-4DB6-91CC-F5360DC5FEF6}.Debug|Any CPU.Build.0 = Debug|Any CPU
		{CE890CEC-8F9F-4DB6-91CC-F5360DC5FEF6}.Release|Any CPU.ActiveCfg = Release|Any CPU
		{CE890CEC-8F9F-4DB6-91CC-F5360DC5FEF6}.Release|Any CPU.Build.0 = Release|Any CPU
		{B5498C80-40E6-42A2-BD06-FDD11A93A183}.Debug|Any CPU.ActiveCfg = Debug|Any CPU
		{B5498C80-40E6-42A2-BD06-FDD11A93A183}.Debug|Any CPU.Build.0 = Debug|Any CPU
		{B5498C80-40E6-42A2-BD06-FDD11A93A183}.Release|Any CPU.ActiveCfg = Release|Any CPU
		{B5498C80-40E6-42A2-BD06-FDD11A93A183}.Release|Any CPU.Build.0 = Release|Any CPU
		{AB009D66-54E7-4252-93B3-816D37212895}.Debug|Any CPU.ActiveCfg = Debug|Any CPU
		{AB009D66-54E7-4252-93B3-816D37212895}.Debug|Any CPU.Build.0 = Debug|Any CPU
		{AB009D66-54E7-4252-93B3-816D37212895}.Release|Any CPU.ActiveCfg = Release|Any CPU
		{AB009D66-54E7-4252-93B3-816D37212895}.Release|Any CPU.Build.0 = Release|Any CPU
		{45E0592A-B81A-4852-B6A6-428088BD6BE6}.Debug|Any CPU.ActiveCfg = Debug|Any CPU
		{45E0592A-B81A-4852-B6A6-428088BD6BE6}.Debug|Any CPU.Build.0 = Debug|Any CPU
		{45E0592A-B81A-4852-B6A6-428088BD6BE6}.Release|Any CPU.ActiveCfg = Release|Any CPU
		{45E0592A-B81A-4852-B6A6-428088BD6BE6}.Release|Any CPU.Build.0 = Release|Any CPU
		{6B943153-36D2-4B6A-8985-64310DA20A6B}.Debug|Any CPU.ActiveCfg = Debug|Any CPU
		{6B943153-36D2-4B6A-8985-64310DA20A6B}.Debug|Any CPU.Build.0 = Debug|Any CPU
		{6B943153-36D2-4B6A-8985-64310DA20A6B}.Release|Any CPU.ActiveCfg = Release|Any CPU
		{6B943153-36D2-4B6A-8985-64310DA20A6B}.Release|Any CPU.Build.0 = Release|Any CPU
		{A2B1F1E0-D8BE-45F9-AFBE-EAFC5F63FE70}.Debug|Any CPU.ActiveCfg = Debug|Any CPU
		{A2B1F1E0-D8BE-45F9-AFBE-EAFC5F63FE70}.Debug|Any CPU.Build.0 = Debug|Any CPU
		{A2B1F1E0-D8BE-45F9-AFBE-EAFC5F63FE70}.Release|Any CPU.ActiveCfg = Release|Any CPU
		{A2B1F1E0-D8BE-45F9-AFBE-EAFC5F63FE70}.Release|Any CPU.Build.0 = Release|Any CPU
		{97A8B07B-5CC2-4C28-BBCD-93310103B65C}.Debug|Any CPU.ActiveCfg = Debug|Any CPU
		{97A8B07B-5CC2-4C28-BBCD-93310103B65C}.Debug|Any CPU.Build.0 = Debug|Any CPU
		{97A8B07B-5CC2-4C28-BBCD-93310103B65C}.Release|Any CPU.ActiveCfg = Release|Any CPU
		{97A8B07B-5CC2-4C28-BBCD-93310103B65C}.Release|Any CPU.Build.0 = Release|Any CPU
		{D7A1DE52-60D6-4583-8887-1C4F02777064}.Debug|Any CPU.ActiveCfg = Debug|Any CPU
		{D7A1DE52-60D6-4583-8887-1C4F02777064}.Debug|Any CPU.Build.0 = Debug|Any CPU
		{D7A1DE52-60D6-4583-8887-1C4F02777064}.Release|Any CPU.ActiveCfg = Release|Any CPU
		{D7A1DE52-60D6-4583-8887-1C4F02777064}.Release|Any CPU.Build.0 = Release|Any CPU
		{E5A8A50D-D549-403A-8E62-2A1E034EE4D5}.Debug|Any CPU.ActiveCfg = Debug|Any CPU
		{E5A8A50D-D549-403A-8E62-2A1E034EE4D5}.Debug|Any CPU.Build.0 = Debug|Any CPU
		{E5A8A50D-D549-403A-8E62-2A1E034EE4D5}.Release|Any CPU.ActiveCfg = Release|Any CPU
		{E5A8A50D-D549-403A-8E62-2A1E034EE4D5}.Release|Any CPU.Build.0 = Release|Any CPU
		{26CA2BD4-144B-44BF-9C73-C37E8EE3F319}.Debug|Any CPU.ActiveCfg = Debug|Any CPU
		{26CA2BD4-144B-44BF-9C73-C37E8EE3F319}.Debug|Any CPU.Build.0 = Debug|Any CPU
		{26CA2BD4-144B-44BF-9C73-C37E8EE3F319}.Release|Any CPU.ActiveCfg = Release|Any CPU
		{26CA2BD4-144B-44BF-9C73-C37E8EE3F319}.Release|Any CPU.Build.0 = Release|Any CPU
		{224B668C-0997-42BB-B5CA-499B815C29AA}.Debug|Any CPU.ActiveCfg = Debug|Any CPU
		{224B668C-0997-42BB-B5CA-499B815C29AA}.Debug|Any CPU.Build.0 = Debug|Any CPU
		{224B668C-0997-42BB-B5CA-499B815C29AA}.Release|Any CPU.ActiveCfg = Release|Any CPU
		{224B668C-0997-42BB-B5CA-499B815C29AA}.Release|Any CPU.Build.0 = Release|Any CPU
		{5F3E0AFC-2D4A-47D7-8CA5-470A46994052}.Debug|Any CPU.ActiveCfg = Debug|Any CPU
		{5F3E0AFC-2D4A-47D7-8CA5-470A46994052}.Debug|Any CPU.Build.0 = Debug|Any CPU
		{5F3E0AFC-2D4A-47D7-8CA5-470A46994052}.Release|Any CPU.ActiveCfg = Release|Any CPU
		{5F3E0AFC-2D4A-47D7-8CA5-470A46994052}.Release|Any CPU.Build.0 = Release|Any CPU
		{70EEB185-982C-4C75-A8A8-F1226D618BB0}.Debug|Any CPU.ActiveCfg = Debug|Any CPU
		{70EEB185-982C-4C75-A8A8-F1226D618BB0}.Debug|Any CPU.Build.0 = Debug|Any CPU
		{70EEB185-982C-4C75-A8A8-F1226D618BB0}.Release|Any CPU.ActiveCfg = Release|Any CPU
		{70EEB185-982C-4C75-A8A8-F1226D618BB0}.Release|Any CPU.Build.0 = Release|Any CPU
		{5590B70F-B1D4-4C8F-841C-DABDDCF3A1EA}.Debug|Any CPU.ActiveCfg = Debug|Any CPU
		{5590B70F-B1D4-4C8F-841C-DABDDCF3A1EA}.Debug|Any CPU.Build.0 = Debug|Any CPU
		{5590B70F-B1D4-4C8F-841C-DABDDCF3A1EA}.Release|Any CPU.ActiveCfg = Release|Any CPU
		{5590B70F-B1D4-4C8F-841C-DABDDCF3A1EA}.Release|Any CPU.Build.0 = Release|Any CPU
		{70689340-934C-4960-A083-910567521F81}.Debug|Any CPU.ActiveCfg = Debug|Any CPU
		{70689340-934C-4960-A083-910567521F81}.Debug|Any CPU.Build.0 = Debug|Any CPU
		{70689340-934C-4960-A083-910567521F81}.Release|Any CPU.ActiveCfg = Release|Any CPU
		{70689340-934C-4960-A083-910567521F81}.Release|Any CPU.Build.0 = Release|Any CPU
		{889C5352-93F6-490A-A014-5266C1566745}.Debug|Any CPU.ActiveCfg = Debug|Any CPU
		{889C5352-93F6-490A-A014-5266C1566745}.Debug|Any CPU.Build.0 = Debug|Any CPU
		{889C5352-93F6-490A-A014-5266C1566745}.Release|Any CPU.ActiveCfg = Release|Any CPU
		{889C5352-93F6-490A-A014-5266C1566745}.Release|Any CPU.Build.0 = Release|Any CPU
		{A15012AB-A017-4D4A-B230-7460862749D1}.Debug|Any CPU.ActiveCfg = Debug|Any CPU
		{A15012AB-A017-4D4A-B230-7460862749D1}.Debug|Any CPU.Build.0 = Debug|Any CPU
		{A15012AB-A017-4D4A-B230-7460862749D1}.Release|Any CPU.ActiveCfg = Release|Any CPU
		{A15012AB-A017-4D4A-B230-7460862749D1}.Release|Any CPU.Build.0 = Release|Any CPU
		{53721541-218E-437D-8CE8-214B2B562687}.Debug|Any CPU.ActiveCfg = Debug|Any CPU
		{53721541-218E-437D-8CE8-214B2B562687}.Debug|Any CPU.Build.0 = Debug|Any CPU
		{53721541-218E-437D-8CE8-214B2B562687}.Release|Any CPU.ActiveCfg = Release|Any CPU
		{53721541-218E-437D-8CE8-214B2B562687}.Release|Any CPU.Build.0 = Release|Any CPU
		{8B2CACA5-E143-45AC-8A94-0E0E27E51ABC}.Debug|Any CPU.ActiveCfg = Debug|Any CPU
		{8B2CACA5-E143-45AC-8A94-0E0E27E51ABC}.Debug|Any CPU.Build.0 = Debug|Any CPU
		{8B2CACA5-E143-45AC-8A94-0E0E27E51ABC}.Release|Any CPU.ActiveCfg = Release|Any CPU
		{8B2CACA5-E143-45AC-8A94-0E0E27E51ABC}.Release|Any CPU.Build.0 = Release|Any CPU
		{68F86450-5A1E-4121-89F1-2681C18BD209}.Debug|Any CPU.ActiveCfg = Debug|Any CPU
		{68F86450-5A1E-4121-89F1-2681C18BD209}.Debug|Any CPU.Build.0 = Debug|Any CPU
		{68F86450-5A1E-4121-89F1-2681C18BD209}.Release|Any CPU.ActiveCfg = Release|Any CPU
		{68F86450-5A1E-4121-89F1-2681C18BD209}.Release|Any CPU.Build.0 = Release|Any CPU
		{8CBE6C78-3C37-447C-8487-A765984C805C}.Debug|Any CPU.ActiveCfg = Debug|Any CPU
		{8CBE6C78-3C37-447C-8487-A765984C805C}.Debug|Any CPU.Build.0 = Debug|Any CPU
		{8CBE6C78-3C37-447C-8487-A765984C805C}.Release|Any CPU.ActiveCfg = Release|Any CPU
		{8CBE6C78-3C37-447C-8487-A765984C805C}.Release|Any CPU.Build.0 = Release|Any CPU
		{7FECE87E-EDB1-4D0A-BC6C-59B46A28BAC9}.Debug|Any CPU.ActiveCfg = Debug|Any CPU
		{7FECE87E-EDB1-4D0A-BC6C-59B46A28BAC9}.Debug|Any CPU.Build.0 = Debug|Any CPU
		{7FECE87E-EDB1-4D0A-BC6C-59B46A28BAC9}.Release|Any CPU.ActiveCfg = Release|Any CPU
		{7FECE87E-EDB1-4D0A-BC6C-59B46A28BAC9}.Release|Any CPU.Build.0 = Release|Any CPU
		{6553258B-DE36-41C7-8884-22E3126A865B}.Debug|Any CPU.ActiveCfg = Debug|Any CPU
		{6553258B-DE36-41C7-8884-22E3126A865B}.Debug|Any CPU.Build.0 = Debug|Any CPU
		{6553258B-DE36-41C7-8884-22E3126A865B}.Release|Any CPU.ActiveCfg = Release|Any CPU
		{6553258B-DE36-41C7-8884-22E3126A865B}.Release|Any CPU.Build.0 = Release|Any CPU
		{160318E2-A4FB-47CD-A922-40DE5D0F2EF8}.Debug|Any CPU.ActiveCfg = Debug|Any CPU
		{160318E2-A4FB-47CD-A922-40DE5D0F2EF8}.Debug|Any CPU.Build.0 = Debug|Any CPU
		{160318E2-A4FB-47CD-A922-40DE5D0F2EF8}.Release|Any CPU.ActiveCfg = Release|Any CPU
		{160318E2-A4FB-47CD-A922-40DE5D0F2EF8}.Release|Any CPU.Build.0 = Release|Any CPU
		{7BF88221-93AF-4BDD-9B64-D4CD06FBF38D}.Debug|Any CPU.ActiveCfg = Debug|Any CPU
		{7BF88221-93AF-4BDD-9B64-D4CD06FBF38D}.Debug|Any CPU.Build.0 = Debug|Any CPU
		{7BF88221-93AF-4BDD-9B64-D4CD06FBF38D}.Release|Any CPU.ActiveCfg = Release|Any CPU
		{7BF88221-93AF-4BDD-9B64-D4CD06FBF38D}.Release|Any CPU.Build.0 = Release|Any CPU
		{315EF901-20E3-47F4-BD14-59C2466B5626}.Debug|Any CPU.ActiveCfg = Debug|Any CPU
		{315EF901-20E3-47F4-BD14-59C2466B5626}.Debug|Any CPU.Build.0 = Debug|Any CPU
		{315EF901-20E3-47F4-BD14-59C2466B5626}.Release|Any CPU.ActiveCfg = Release|Any CPU
		{315EF901-20E3-47F4-BD14-59C2466B5626}.Release|Any CPU.Build.0 = Release|Any CPU
		{5F0D62F0-5589-48CA-A20F-F8D366272D46}.Debug|Any CPU.ActiveCfg = Debug|Any CPU
		{5F0D62F0-5589-48CA-A20F-F8D366272D46}.Debug|Any CPU.Build.0 = Debug|Any CPU
		{5F0D62F0-5589-48CA-A20F-F8D366272D46}.Release|Any CPU.ActiveCfg = Release|Any CPU
		{5F0D62F0-5589-48CA-A20F-F8D366272D46}.Release|Any CPU.Build.0 = Release|Any CPU
		{4ADAD292-BCFF-431D-A38A-3FA7781BE589}.Debug|Any CPU.ActiveCfg = Debug|Any CPU
		{4ADAD292-BCFF-431D-A38A-3FA7781BE589}.Debug|Any CPU.Build.0 = Debug|Any CPU
		{4ADAD292-BCFF-431D-A38A-3FA7781BE589}.Release|Any CPU.ActiveCfg = Release|Any CPU
		{4ADAD292-BCFF-431D-A38A-3FA7781BE589}.Release|Any CPU.Build.0 = Release|Any CPU
		{3DB4C84C-21E5-4881-8212-71CBDFEF4A6F}.Debug|Any CPU.ActiveCfg = Debug|Any CPU
		{3DB4C84C-21E5-4881-8212-71CBDFEF4A6F}.Debug|Any CPU.Build.0 = Debug|Any CPU
		{3DB4C84C-21E5-4881-8212-71CBDFEF4A6F}.Release|Any CPU.ActiveCfg = Release|Any CPU
		{3DB4C84C-21E5-4881-8212-71CBDFEF4A6F}.Release|Any CPU.Build.0 = Release|Any CPU
		{35B9B769-0AE8-4807-9663-E25ECE12462B}.Debug|Any CPU.ActiveCfg = Debug|Any CPU
		{35B9B769-0AE8-4807-9663-E25ECE12462B}.Debug|Any CPU.Build.0 = Debug|Any CPU
		{35B9B769-0AE8-4807-9663-E25ECE12462B}.Release|Any CPU.ActiveCfg = Release|Any CPU
		{35B9B769-0AE8-4807-9663-E25ECE12462B}.Release|Any CPU.Build.0 = Release|Any CPU
		{A0B85CC0-2AAD-4FC8-8518-692564DEBA2F}.Debug|Any CPU.ActiveCfg = Debug|Any CPU
		{A0B85CC0-2AAD-4FC8-8518-692564DEBA2F}.Debug|Any CPU.Build.0 = Debug|Any CPU
		{A0B85CC0-2AAD-4FC8-8518-692564DEBA2F}.Release|Any CPU.ActiveCfg = Release|Any CPU
		{A0B85CC0-2AAD-4FC8-8518-692564DEBA2F}.Release|Any CPU.Build.0 = Release|Any CPU
		{C2649991-188C-493A-ACA4-9132D3A06821}.Debug|Any CPU.ActiveCfg = Debug|Any CPU
		{C2649991-188C-493A-ACA4-9132D3A06821}.Debug|Any CPU.Build.0 = Debug|Any CPU
		{C2649991-188C-493A-ACA4-9132D3A06821}.Release|Any CPU.ActiveCfg = Release|Any CPU
		{C2649991-188C-493A-ACA4-9132D3A06821}.Release|Any CPU.Build.0 = Release|Any CPU
		{32A962CC-C2D1-41FE-9DF8-EB32EE507A06}.Debug|Any CPU.ActiveCfg = Debug|Any CPU
		{32A962CC-C2D1-41FE-9DF8-EB32EE507A06}.Debug|Any CPU.Build.0 = Debug|Any CPU
		{32A962CC-C2D1-41FE-9DF8-EB32EE507A06}.Release|Any CPU.ActiveCfg = Release|Any CPU
		{32A962CC-C2D1-41FE-9DF8-EB32EE507A06}.Release|Any CPU.Build.0 = Release|Any CPU
		{7C2AB74A-B91C-4FE9-87BB-0D6588E7AE69}.Debug|Any CPU.ActiveCfg = Debug|Any CPU
		{7C2AB74A-B91C-4FE9-87BB-0D6588E7AE69}.Debug|Any CPU.Build.0 = Debug|Any CPU
		{7C2AB74A-B91C-4FE9-87BB-0D6588E7AE69}.Release|Any CPU.ActiveCfg = Release|Any CPU
		{7C2AB74A-B91C-4FE9-87BB-0D6588E7AE69}.Release|Any CPU.Build.0 = Release|Any CPU
		{9FF0F8E8-1C92-410C-95AB-5BF797A196DE}.Debug|Any CPU.ActiveCfg = Debug|Any CPU
		{9FF0F8E8-1C92-410C-95AB-5BF797A196DE}.Debug|Any CPU.Build.0 = Debug|Any CPU
		{9FF0F8E8-1C92-410C-95AB-5BF797A196DE}.Release|Any CPU.ActiveCfg = Release|Any CPU
		{9FF0F8E8-1C92-410C-95AB-5BF797A196DE}.Release|Any CPU.Build.0 = Release|Any CPU
		{C51643D5-A741-409B-9D42-556BF7576DD6}.Debug|Any CPU.ActiveCfg = Debug|Any CPU
		{C51643D5-A741-409B-9D42-556BF7576DD6}.Debug|Any CPU.Build.0 = Debug|Any CPU
		{C51643D5-A741-409B-9D42-556BF7576DD6}.Release|Any CPU.ActiveCfg = Release|Any CPU
		{C51643D5-A741-409B-9D42-556BF7576DD6}.Release|Any CPU.Build.0 = Release|Any CPU
		{B0B0DE8F-A44F-4903-AAF8-59D954DE57E3}.Debug|Any CPU.ActiveCfg = Debug|Any CPU
		{B0B0DE8F-A44F-4903-AAF8-59D954DE57E3}.Debug|Any CPU.Build.0 = Debug|Any CPU
		{B0B0DE8F-A44F-4903-AAF8-59D954DE57E3}.Release|Any CPU.ActiveCfg = Release|Any CPU
		{B0B0DE8F-A44F-4903-AAF8-59D954DE57E3}.Release|Any CPU.Build.0 = Release|Any CPU
		{543E8944-F676-4BC7-B662-FB690D270E08}.Debug|Any CPU.ActiveCfg = Debug|Any CPU
		{543E8944-F676-4BC7-B662-FB690D270E08}.Debug|Any CPU.Build.0 = Debug|Any CPU
		{543E8944-F676-4BC7-B662-FB690D270E08}.Release|Any CPU.ActiveCfg = Release|Any CPU
		{543E8944-F676-4BC7-B662-FB690D270E08}.Release|Any CPU.Build.0 = Release|Any CPU
		{F3A8DD37-0530-4757-B018-C1E35720AC64}.Debug|Any CPU.ActiveCfg = Debug|Any CPU
		{F3A8DD37-0530-4757-B018-C1E35720AC64}.Debug|Any CPU.Build.0 = Debug|Any CPU
		{F3A8DD37-0530-4757-B018-C1E35720AC64}.Release|Any CPU.ActiveCfg = Release|Any CPU
		{F3A8DD37-0530-4757-B018-C1E35720AC64}.Release|Any CPU.Build.0 = Release|Any CPU
		{A6685FA4-6F2E-408D-B3B6-442F206A9CBD}.Debug|Any CPU.ActiveCfg = Debug|Any CPU
		{A6685FA4-6F2E-408D-B3B6-442F206A9CBD}.Debug|Any CPU.Build.0 = Debug|Any CPU
		{A6685FA4-6F2E-408D-B3B6-442F206A9CBD}.Release|Any CPU.ActiveCfg = Release|Any CPU
		{A6685FA4-6F2E-408D-B3B6-442F206A9CBD}.Release|Any CPU.Build.0 = Release|Any CPU
		{071570D7-723D-4730-A473-B436AEDA3BF2}.Debug|Any CPU.ActiveCfg = Debug|Any CPU
		{071570D7-723D-4730-A473-B436AEDA3BF2}.Debug|Any CPU.Build.0 = Debug|Any CPU
		{071570D7-723D-4730-A473-B436AEDA3BF2}.Release|Any CPU.ActiveCfg = Release|Any CPU
		{071570D7-723D-4730-A473-B436AEDA3BF2}.Release|Any CPU.Build.0 = Release|Any CPU
		{84725ED2-1901-4D7D-9CF5-36B6BC30B64E}.Debug|Any CPU.ActiveCfg = Debug|Any CPU
		{84725ED2-1901-4D7D-9CF5-36B6BC30B64E}.Debug|Any CPU.Build.0 = Debug|Any CPU
		{84725ED2-1901-4D7D-9CF5-36B6BC30B64E}.Release|Any CPU.ActiveCfg = Release|Any CPU
		{84725ED2-1901-4D7D-9CF5-36B6BC30B64E}.Release|Any CPU.Build.0 = Release|Any CPU
		{7CC4F98F-54B9-4A74-BF0E-02267AA58752}.Debug|Any CPU.ActiveCfg = Debug|Any CPU
		{7CC4F98F-54B9-4A74-BF0E-02267AA58752}.Debug|Any CPU.Build.0 = Debug|Any CPU
		{7CC4F98F-54B9-4A74-BF0E-02267AA58752}.Release|Any CPU.ActiveCfg = Release|Any CPU
		{7CC4F98F-54B9-4A74-BF0E-02267AA58752}.Release|Any CPU.Build.0 = Release|Any CPU
		{83DD47B2-F709-472A-B5AD-BD1539AEF43F}.Debug|Any CPU.ActiveCfg = Debug|Any CPU
		{83DD47B2-F709-472A-B5AD-BD1539AEF43F}.Debug|Any CPU.Build.0 = Debug|Any CPU
		{83DD47B2-F709-472A-B5AD-BD1539AEF43F}.Release|Any CPU.ActiveCfg = Release|Any CPU
		{83DD47B2-F709-472A-B5AD-BD1539AEF43F}.Release|Any CPU.Build.0 = Release|Any CPU
		{F3AF9A0C-266B-4DC3-A515-2E163A059C6D}.Debug|Any CPU.ActiveCfg = Debug|Any CPU
		{F3AF9A0C-266B-4DC3-A515-2E163A059C6D}.Debug|Any CPU.Build.0 = Debug|Any CPU
		{F3AF9A0C-266B-4DC3-A515-2E163A059C6D}.Release|Any CPU.ActiveCfg = Release|Any CPU
		{F3AF9A0C-266B-4DC3-A515-2E163A059C6D}.Release|Any CPU.Build.0 = Release|Any CPU
		{2109E80E-1A3F-463F-B3DC-4365B1475B63}.Debug|Any CPU.ActiveCfg = Debug|Any CPU
		{2109E80E-1A3F-463F-B3DC-4365B1475B63}.Debug|Any CPU.Build.0 = Debug|Any CPU
		{2109E80E-1A3F-463F-B3DC-4365B1475B63}.Release|Any CPU.ActiveCfg = Release|Any CPU
		{2109E80E-1A3F-463F-B3DC-4365B1475B63}.Release|Any CPU.Build.0 = Release|Any CPU
		{16C28033-C8D9-47C3-B7E6-7B86D22DAD90}.Debug|Any CPU.ActiveCfg = Debug|Any CPU
		{16C28033-C8D9-47C3-B7E6-7B86D22DAD90}.Debug|Any CPU.Build.0 = Debug|Any CPU
		{16C28033-C8D9-47C3-B7E6-7B86D22DAD90}.Release|Any CPU.ActiveCfg = Release|Any CPU
		{16C28033-C8D9-47C3-B7E6-7B86D22DAD90}.Release|Any CPU.Build.0 = Release|Any CPU
		{A0B13C72-AE1F-4331-B011-605D4E1C7A4A}.Debug|Any CPU.ActiveCfg = Debug|Any CPU
		{A0B13C72-AE1F-4331-B011-605D4E1C7A4A}.Debug|Any CPU.Build.0 = Debug|Any CPU
		{A0B13C72-AE1F-4331-B011-605D4E1C7A4A}.Release|Any CPU.ActiveCfg = Release|Any CPU
		{A0B13C72-AE1F-4331-B011-605D4E1C7A4A}.Release|Any CPU.Build.0 = Release|Any CPU
		{070A18FA-0707-4DD5-9F45-21194C49E4B8}.Debug|Any CPU.ActiveCfg = Debug|Any CPU
		{070A18FA-0707-4DD5-9F45-21194C49E4B8}.Debug|Any CPU.Build.0 = Debug|Any CPU
		{070A18FA-0707-4DD5-9F45-21194C49E4B8}.Release|Any CPU.ActiveCfg = Release|Any CPU
		{070A18FA-0707-4DD5-9F45-21194C49E4B8}.Release|Any CPU.Build.0 = Release|Any CPU
		{3EB66232-04E7-497E-B08A-212903441749}.Debug|Any CPU.ActiveCfg = Debug|Any CPU
		{3EB66232-04E7-497E-B08A-212903441749}.Debug|Any CPU.Build.0 = Debug|Any CPU
		{3EB66232-04E7-497E-B08A-212903441749}.Release|Any CPU.ActiveCfg = Release|Any CPU
		{3EB66232-04E7-497E-B08A-212903441749}.Release|Any CPU.Build.0 = Release|Any CPU
		{0E9E88A5-3AA6-4235-BF2D-7092828D31B0}.Debug|Any CPU.ActiveCfg = Debug|Any CPU
		{0E9E88A5-3AA6-4235-BF2D-7092828D31B0}.Debug|Any CPU.Build.0 = Debug|Any CPU
		{0E9E88A5-3AA6-4235-BF2D-7092828D31B0}.Release|Any CPU.ActiveCfg = Release|Any CPU
		{0E9E88A5-3AA6-4235-BF2D-7092828D31B0}.Release|Any CPU.Build.0 = Release|Any CPU
		{F71187AE-F982-4EE2-93E5-08BBBDCF30B5}.Debug|Any CPU.ActiveCfg = Debug|Any CPU
		{F71187AE-F982-4EE2-93E5-08BBBDCF30B5}.Debug|Any CPU.Build.0 = Debug|Any CPU
		{F71187AE-F982-4EE2-93E5-08BBBDCF30B5}.Release|Any CPU.ActiveCfg = Release|Any CPU
		{F71187AE-F982-4EE2-93E5-08BBBDCF30B5}.Release|Any CPU.Build.0 = Release|Any CPU
		{9D437595-9AD6-4C98-84F9-608185CB2136}.Debug|Any CPU.ActiveCfg = Debug|Any CPU
		{9D437595-9AD6-4C98-84F9-608185CB2136}.Debug|Any CPU.Build.0 = Debug|Any CPU
		{9D437595-9AD6-4C98-84F9-608185CB2136}.Release|Any CPU.ActiveCfg = Release|Any CPU
		{9D437595-9AD6-4C98-84F9-608185CB2136}.Release|Any CPU.Build.0 = Release|Any CPU
		{BFD3B022-3D3A-446F-9214-82F113ABACAA}.Debug|Any CPU.ActiveCfg = Debug|Any CPU
		{BFD3B022-3D3A-446F-9214-82F113ABACAA}.Debug|Any CPU.Build.0 = Debug|Any CPU
		{BFD3B022-3D3A-446F-9214-82F113ABACAA}.Release|Any CPU.ActiveCfg = Release|Any CPU
		{BFD3B022-3D3A-446F-9214-82F113ABACAA}.Release|Any CPU.Build.0 = Release|Any CPU
		{8E5C0128-FFB7-4B84-8DAA-987DA3E07AEF}.Debug|Any CPU.ActiveCfg = Debug|Any CPU
		{8E5C0128-FFB7-4B84-8DAA-987DA3E07AEF}.Debug|Any CPU.Build.0 = Debug|Any CPU
		{8E5C0128-FFB7-4B84-8DAA-987DA3E07AEF}.Release|Any CPU.ActiveCfg = Release|Any CPU
		{8E5C0128-FFB7-4B84-8DAA-987DA3E07AEF}.Release|Any CPU.Build.0 = Release|Any CPU
		{9F338282-A8EC-41D3-8D87-5FEE65A024FB}.Debug|Any CPU.ActiveCfg = Debug|Any CPU
		{9F338282-A8EC-41D3-8D87-5FEE65A024FB}.Debug|Any CPU.Build.0 = Debug|Any CPU
		{9F338282-A8EC-41D3-8D87-5FEE65A024FB}.Release|Any CPU.ActiveCfg = Release|Any CPU
		{9F338282-A8EC-41D3-8D87-5FEE65A024FB}.Release|Any CPU.Build.0 = Release|Any CPU
		{83EA9617-7A0A-4040-AEB6-B578F8A6064D}.Debug|Any CPU.ActiveCfg = Debug|Any CPU
		{83EA9617-7A0A-4040-AEB6-B578F8A6064D}.Debug|Any CPU.Build.0 = Debug|Any CPU
		{83EA9617-7A0A-4040-AEB6-B578F8A6064D}.Release|Any CPU.ActiveCfg = Release|Any CPU
		{83EA9617-7A0A-4040-AEB6-B578F8A6064D}.Release|Any CPU.Build.0 = Release|Any CPU
	EndGlobalSection
	GlobalSection(SolutionProperties) = preSolution
		HideSolutionNode = FALSE
	EndGlobalSection
	GlobalSection(ExtensibilityGlobals) = postSolution
		SolutionGuid = {0CB9C0A3-E8A9-4998-97C9-1B1DA093130E}
	EndGlobalSection
EndGlobal
